
Microsoft Visual Studio Solution File, Format Version 12.00
# Visual Studio 15
VisualStudioVersion = 15.0.28307.271
MinimumVisualStudioVersion = 10.0.40219.1
Project("{FAE04EC0-301F-11D3-BF4B-00C04F79EFBC}") = "UHD_Learn_Grades", "UHD_Learn_Grades\UHD_Learn_Grades.csproj", "{DA902130-C3F4-4B00-A6D9-AA03BA35054C}"
EndProject
Global
	GlobalSection(SolutionConfigurationPlatforms) = preSolution
		Debug|Any CPU = Debug|Any CPU
		Release|Any CPU = Release|Any CPU
	EndGlobalSection
	GlobalSection(ProjectConfigurationPlatforms) = postSolution
		{DA902130-C3F4-4B00-A6D9-AA03BA35054C}.Debug|Any CPU.ActiveCfg = Debug|Any CPU
		{DA902130-C3F4-4B00-A6D9-AA03BA35054C}.Debug|Any CPU.Build.0 = Debug|Any CPU
		{DA902130-C3F4-4B00-A6D9-AA03BA35054C}.Release|Any CPU.ActiveCfg = Release|Any CPU
		{DA902130-C3F4-4B00-A6D9-AA03BA35054C}.Release|Any CPU.Build.0 = Release|Any CPU
	EndGlobalSection
	GlobalSection(SolutionProperties) = preSolution
		HideSolutionNode = FALSE
	EndGlobalSection
	GlobalSection(ExtensibilityGlobals) = postSolution
		SolutionGuid = {5B1A57DE-161D-4796-BC92-DA2BBA324C34}
	EndGlobalSection
EndGlobal
