
Microsoft Visual Studio Solution File, Format Version 12.00
# Visual Studio 15
VisualStudioVersion = 15.0.28307.489
MinimumVisualStudioVersion = 10.0.40219.1
Project("{FAE04EC0-301F-11D3-BF4B-00C04F79EFBC}") = "UHD_Learn_AT", "UHD_Learn_AT\UHD_Learn_AT.csproj", "{5AF8E537-3BCF-43C4-A3E7-6C90CAE9A975}"
EndProject
Global
	GlobalSection(SolutionConfigurationPlatforms) = preSolution
		Debug|Any CPU = Debug|Any CPU
		Release|Any CPU = Release|Any CPU
	EndGlobalSection
	GlobalSection(ProjectConfigurationPlatforms) = postSolution
		{5AF8E537-3BCF-43C4-A3E7-6C90CAE9A975}.Debug|Any CPU.ActiveCfg = Debug|Any CPU
		{5AF8E537-3BCF-43C4-A3E7-6C90CAE9A975}.Debug|Any CPU.Build.0 = Debug|Any CPU
		{5AF8E537-3BCF-43C4-A3E7-6C90CAE9A975}.Release|Any CPU.ActiveCfg = Release|Any CPU
		{5AF8E537-3BCF-43C4-A3E7-6C90CAE9A975}.Release|Any CPU.Build.0 = Release|Any CPU
	EndGlobalSection
	GlobalSection(SolutionProperties) = preSolution
		HideSolutionNode = FALSE
	EndGlobalSection
	GlobalSection(ExtensibilityGlobals) = postSolution
		SolutionGuid = {4145BC0E-3B0F-4344-A5CD-AD6560ED86D3}
	EndGlobalSection
EndGlobal
